// !$*UTF8*$!
{
	archiveVersion = 1;
	classes = {
	};
	objectVersion = 48;
	objects = {

/* Begin PBXBuildFile section */
		7E1831E12061C3AA00163D60 /* AppDelegate.swift in Sources */ = {isa = PBXBuildFile; fileRef = 7E1831E02061C3AA00163D60 /* AppDelegate.swift */; };
		7E1831E32061C3AA00163D60 /* ViewController.swift in Sources */ = {isa = PBXBuildFile; fileRef = 7E1831E22061C3AA00163D60 /* ViewController.swift */; };
		7E1831E62061C3AA00163D60 /* Main.storyboard in Resources */ = {isa = PBXBuildFile; fileRef = 7E1831E42061C3AA00163D60 /* Main.storyboard */; };
		7E1831E82061C3AA00163D60 /* Assets.xcassets in Resources */ = {isa = PBXBuildFile; fileRef = 7E1831E72061C3AA00163D60 /* Assets.xcassets */; };
		7E1831EB2061C3AA00163D60 /* LaunchScreen.storyboard in Resources */ = {isa = PBXBuildFile; fileRef = 7E1831E92061C3AA00163D60 /* LaunchScreen.storyboard */; };
		7E1831F62061C3AB00163D60 /* countingTests.swift in Sources */ = {isa = PBXBuildFile; fileRef = 7E1831F52061C3AB00163D60 /* countingTests.swift */; };
		7E1832012061C3AB00163D60 /* countingUITests.swift in Sources */ = {isa = PBXBuildFile; fileRef = 7E1832002061C3AB00163D60 /* countingUITests.swift */; };
/* End PBXBuildFile section */

/* Begin PBXContainerItemProxy section */
		7E1831F22061C3AB00163D60 /* PBXContainerItemProxy */ = {
			isa = PBXContainerItemProxy;
			containerPortal = 7E1831D52061C3AA00163D60 /* Project object */;
			proxyType = 1;
			remoteGlobalIDString = 7E1831DC2061C3AA00163D60;
			remoteInfo = counting;
		};
		7E1831FD2061C3AB00163D60 /* PBXContainerItemProxy */ = {
			isa = PBXContainerItemProxy;
			containerPortal = 7E1831D52061C3AA00163D60 /* Project object */;
			proxyType = 1;
			remoteGlobalIDString = 7E1831DC2061C3AA00163D60;
			remoteInfo = counting;
		};
/* End PBXContainerItemProxy section */

/* Begin PBXFileReference section */
		7E1831DD2061C3AA00163D60 /* counting.app */ = {isa = PBXFileReference; explicitFileType = wrapper.application; includeInIndex = 0; path = counting.app; sourceTree = BUILT_PRODUCTS_DIR; };
		7E1831E02061C3AA00163D60 /* AppDelegate.swift */ = {isa = PBXFileReference; lastKnownFileType = sourcecode.swift; path = AppDelegate.swift; sourceTree = "<group>"; };
		7E1831E22061C3AA00163D60 /* ViewController.swift */ = {isa = PBXFileReference; lastKnownFileType = sourcecode.swift; path = ViewController.swift; sourceTree = "<group>"; };
		7E1831E52061C3AA00163D60 /* Base */ = {isa = PBXFileReference; lastKnownFileType = file.storyboard; name = Base; path = Base.lproj/Main.storyboard; sourceTree = "<group>"; };
		7E1831E72061C3AA00163D60 /* Assets.xcassets */ = {isa = PBXFileReference; lastKnownFileType = folder.assetcatalog; path = Assets.xcassets; sourceTree = "<group>"; };
		7E1831EA2061C3AA00163D60 /* Base */ = {isa = PBXFileReference; lastKnownFileType = file.storyboard; name = Base; path = Base.lproj/LaunchScreen.storyboard; sourceTree = "<group>"; };
		7E1831EC2061C3AA00163D60 /* Info.plist */ = {isa = PBXFileReference; lastKnownFileType = text.plist.xml; path = Info.plist; sourceTree = "<group>"; };
		7E1831F12061C3AB00163D60 /* countingTests.xctest */ = {isa = PBXFileReference; explicitFileType = wrapper.cfbundle; includeInIndex = 0; path = countingTests.xctest; sourceTree = BUILT_PRODUCTS_DIR; };
		7E1831F52061C3AB00163D60 /* countingTests.swift */ = {isa = PBXFileReference; lastKnownFileType = sourcecode.swift; path = countingTests.swift; sourceTree = "<group>"; };
		7E1831F72061C3AB00163D60 /* Info.plist */ = {isa = PBXFileReference; lastKnownFileType = text.plist.xml; path = Info.plist; sourceTree = "<group>"; };
		7E1831FC2061C3AB00163D60 /* countingUITests.xctest */ = {isa = PBXFileReference; explicitFileType = wrapper.cfbundle; includeInIndex = 0; path = countingUITests.xctest; sourceTree = BUILT_PRODUCTS_DIR; };
		7E1832002061C3AB00163D60 /* countingUITests.swift */ = {isa = PBXFileReference; lastKnownFileType = sourcecode.swift; path = countingUITests.swift; sourceTree = "<group>"; };
		7E1832022061C3AB00163D60 /* Info.plist */ = {isa = PBXFileReference; lastKnownFileType = text.plist.xml; path = Info.plist; sourceTree = "<group>"; };
/* End PBXFileReference section */

/* Begin PBXFrameworksBuildPhase section */
		7E1831DA2061C3AA00163D60 /* Frameworks */ = {
			isa = PBXFrameworksBuildPhase;
			buildActionMask = 2147483647;
			files = (
			);
			runOnlyForDeploymentPostprocessing = 0;
		};
		7E1831EE2061C3AB00163D60 /* Frameworks */ = {
			isa = PBXFrameworksBuildPhase;
			buildActionMask = 2147483647;
			files = (
			);
			runOnlyForDeploymentPostprocessing = 0;
		};
		7E1831F92061C3AB00163D60 /* Frameworks */ = {
			isa = PBXFrameworksBuildPhase;
			buildActionMask = 2147483647;
			files = (
			);
			runOnlyForDeploymentPostprocessing = 0;
		};
/* End PBXFrameworksBuildPhase section */

/* Begin PBXGroup section */
		7E1831D42061C3AA00163D60 = {
			isa = PBXGroup;
			children = (
				7E1831DF2061C3AA00163D60 /* counting */,
				7E1831F42061C3AB00163D60 /* countingTests */,
				7E1831FF2061C3AB00163D60 /* countingUITests */,
				7E1831DE2061C3AA00163D60 /* Products */,
			);
			sourceTree = "<group>";
		};
		7E1831DE2061C3AA00163D60 /* Products */ = {
			isa = PBXGroup;
			children = (
				7E1831DD2061C3AA00163D60 /* counting.app */,
				7E1831F12061C3AB00163D60 /* countingTests.xctest */,
				7E1831FC2061C3AB00163D60 /* countingUITests.xctest */,
			);
			name = Products;
			sourceTree = "<group>";
		};
		7E1831DF2061C3AA00163D60 /* counting */ = {
			isa = PBXGroup;
			children = (
				7E1831E02061C3AA00163D60 /* AppDelegate.swift */,
				7E1831E22061C3AA00163D60 /* ViewController.swift */,
				7E1831E42061C3AA00163D60 /* Main.storyboard */,
				7E1831E72061C3AA00163D60 /* Assets.xcassets */,
				7E1831E92061C3AA00163D60 /* LaunchScreen.storyboard */,
				7E1831EC2061C3AA00163D60 /* Info.plist */,
			);
			path = counting;
			sourceTree = "<group>";
		};
		7E1831F42061C3AB00163D60 /* countingTests */ = {
			isa = PBXGroup;
			children = (
				7E1831F52061C3AB00163D60 /* countingTests.swift */,
				7E1831F72061C3AB00163D60 /* Info.plist */,
			);
			path = countingTests;
			sourceTree = "<group>";
		};
		7E1831FF2061C3AB00163D60 /* countingUITests */ = {
			isa = PBXGroup;
			children = (
				7E1832002061C3AB00163D60 /* countingUITests.swift */,
				7E1832022061C3AB00163D60 /* Info.plist */,
			);
			path = countingUITests;
			sourceTree = "<group>";
		};
/* End PBXGroup section */

/* Begin PBXNativeTarget section */
		7E1831DC2061C3AA00163D60 /* counting */ = {
			isa = PBXNativeTarget;
			buildConfigurationList = 7E1832052061C3AB00163D60 /* Build configuration list for PBXNativeTarget "counting" */;
			buildPhases = (
				7E1831D92061C3AA00163D60 /* Sources */,
				7E1831DA2061C3AA00163D60 /* Frameworks */,
				7E1831DB2061C3AA00163D60 /* Resources */,
			);
			buildRules = (
			);
			dependencies = (
			);
			name = counting;
			productName = counting;
			productReference = 7E1831DD2061C3AA00163D60 /* counting.app */;
			productType = "com.apple.product-type.application";
		};
		7E1831F02061C3AB00163D60 /* countingTests */ = {
			isa = PBXNativeTarget;
			buildConfigurationList = 7E1832082061C3AB00163D60 /* Build configuration list for PBXNativeTarget "countingTests" */;
			buildPhases = (
				7E1831ED2061C3AB00163D60 /* Sources */,
				7E1831EE2061C3AB00163D60 /* Frameworks */,
				7E1831EF2061C3AB00163D60 /* Resources */,
			);
			buildRules = (
			);
			dependencies = (
				7E1831F32061C3AB00163D60 /* PBXTargetDependency */,
			);
			name = countingTests;
			productName = countingTests;
			productReference = 7E1831F12061C3AB00163D60 /* countingTests.xctest */;
			productType = "com.apple.product-type.bundle.unit-test";
		};
		7E1831FB2061C3AB00163D60 /* countingUITests */ = {
			isa = PBXNativeTarget;
			buildConfigurationList = 7E18320B2061C3AB00163D60 /* Build configuration list for PBXNativeTarget "countingUITests" */;
			buildPhases = (
				7E1831F82061C3AB00163D60 /* Sources */,
				7E1831F92061C3AB00163D60 /* Frameworks */,
				7E1831FA2061C3AB00163D60 /* Resources */,
			);
			buildRules = (
			);
			dependencies = (
				7E1831FE2061C3AB00163D60 /* PBXTargetDependency */,
			);
			name = countingUITests;
			productName = countingUITests;
			productReference = 7E1831FC2061C3AB00163D60 /* countingUITests.xctest */;
			productType = "com.apple.product-type.bundle.ui-testing";
		};
/* End PBXNativeTarget section */

/* Begin PBXProject section */
		7E1831D52061C3AA00163D60 /* Project object */ = {
			isa = PBXProject;
			attributes = {
				LastSwiftUpdateCheck = 0920;
				LastUpgradeCheck = 0920;
				ORGANIZATIONNAME = "Elaine Kim";
				TargetAttributes = {
					7E1831DC2061C3AA00163D60 = {
						CreatedOnToolsVersion = 9.2;
						ProvisioningStyle = Automatic;
					};
					7E1831F02061C3AB00163D60 = {
						CreatedOnToolsVersion = 9.2;
						ProvisioningStyle = Automatic;
						TestTargetID = 7E1831DC2061C3AA00163D60;
					};
					7E1831FB2061C3AB00163D60 = {
						CreatedOnToolsVersion = 9.2;
						ProvisioningStyle = Automatic;
						TestTargetID = 7E1831DC2061C3AA00163D60;
					};
				};
			};
			buildConfigurationList = 7E1831D82061C3AA00163D60 /* Build configuration list for PBXProject "counting" */;
			compatibilityVersion = "Xcode 8.0";
			developmentRegion = en;
			hasScannedForEncodings = 0;
			knownRegions = (
				en,
				Base,
			);
			mainGroup = 7E1831D42061C3AA00163D60;
			productRefGroup = 7E1831DE2061C3AA00163D60 /* Products */;
			projectDirPath = "";
			projectRoot = "";
			targets = (
				7E1831DC2061C3AA00163D60 /* counting */,
				7E1831F02061C3AB00163D60 /* countingTests */,
				7E1831FB2061C3AB00163D60 /* countingUITests */,
			);
		};
/* End PBXProject section */

/* Begin PBXResourcesBuildPhase section */
		7E1831DB2061C3AA00163D60 /* Resources */ = {
			isa = PBXResourcesBuildPhase;
			buildActionMask = 2147483647;
			files = (
				7E1831EB2061C3AA00163D60 /* LaunchScreen.storyboard in Resources */,
				7E1831E82061C3AA00163D60 /* Assets.xcassets in Resources */,
				7E1831E62061C3AA00163D60 /* Main.storyboard in Resources */,
			);
			runOnlyForDeploymentPostprocessing = 0;
		};
		7E1831EF2061C3AB00163D60 /* Resources */ = {
			isa = PBXResourcesBuildPhase;
			buildActionMask = 2147483647;
			files = (
			);
			runOnlyForDeploymentPostprocessing = 0;
		};
		7E1831FA2061C3AB00163D60 /* Resources */ = {
			isa = PBXResourcesBuildPhase;
			buildActionMask = 2147483647;
			files = (
			);
			runOnlyForDeploymentPostprocessing = 0;
		};
/* End PBXResourcesBuildPhase section */

/* Begin PBXSourcesBuildPhase section */
		7E1831D92061C3AA00163D60 /* Sources */ = {
			isa = PBXSourcesBuildPhase;
			buildActionMask = 2147483647;
			files = (
				7E1831E32061C3AA00163D60 /* ViewController.swift in Sources */,
				7E1831E12061C3AA00163D60 /* AppDelegate.swift in Sources */,
			);
			runOnlyForDeploymentPostprocessing = 0;
		};
		7E1831ED2061C3AB00163D60 /* Sources */ = {
			isa = PBXSourcesBuildPhase;
			buildActionMask = 2147483647;
			files = (
				7E1831F62061C3AB00163D60 /* countingTests.swift in Sources */,
			);
			runOnlyForDeploymentPostprocessing = 0;
		};
		7E1831F82061C3AB00163D60 /* Sources */ = {
			isa = PBXSourcesBuildPhase;
			buildActionMask = 2147483647;
			files = (
				7E1832012061C3AB00163D60 /* countingUITests.swift in Sources */,
			);
			runOnlyForDeploymentPostprocessing = 0;
		};
/* End PBXSourcesBuildPhase section */

/* Begin PBXTargetDependency section */
		7E1831F32061C3AB00163D60 /* PBXTargetDependency */ = {
			isa = PBXTargetDependency;
			target = 7E1831DC2061C3AA00163D60 /* counting */;
			targetProxy = 7E1831F22061C3AB00163D60 /* PBXContainerItemProxy */;
		};
		7E1831FE2061C3AB00163D60 /* PBXTargetDependency */ = {
			isa = PBXTargetDependency;
			target = 7E1831DC2061C3AA00163D60 /* counting */;
			targetProxy = 7E1831FD2061C3AB00163D60 /* PBXContainerItemProxy */;
		};
/* End PBXTargetDependency section */

/* Begin PBXVariantGroup section */
		7E1831E42061C3AA00163D60 /* Main.storyboard */ = {
			isa = PBXVariantGroup;
			children = (
				7E1831E52061C3AA00163D60 /* Base */,
			);
			name = Main.storyboard;
			sourceTree = "<group>";
		};
		7E1831E92061C3AA00163D60 /* LaunchScreen.storyboard */ = {
			isa = PBXVariantGroup;
			children = (
				7E1831EA2061C3AA00163D60 /* Base */,
			);
			name = LaunchScreen.storyboard;
			sourceTree = "<group>";
		};
/* End PBXVariantGroup section */

/* Begin XCBuildConfiguration section */
		7E1832032061C3AB00163D60 /* Debug */ = {
			isa = XCBuildConfiguration;
			buildSettings = {
				ALWAYS_SEARCH_USER_PATHS = NO;
				CLANG_ANALYZER_NONNULL = YES;
				CLANG_ANALYZER_NUMBER_OBJECT_CONVERSION = YES_AGGRESSIVE;
				CLANG_CXX_LANGUAGE_STANDARD = "gnu++14";
				CLANG_CXX_LIBRARY = "libc++";
				CLANG_ENABLE_MODULES = YES;
				CLANG_ENABLE_OBJC_ARC = YES;
				CLANG_WARN_BLOCK_CAPTURE_AUTORELEASING = YES;
				CLANG_WARN_BOOL_CONVERSION = YES;
				CLANG_WARN_COMMA = YES;
				CLANG_WARN_CONSTANT_CONVERSION = YES;
				CLANG_WARN_DIRECT_OBJC_ISA_USAGE = YES_ERROR;
				CLANG_WARN_DOCUMENTATION_COMMENTS = YES;
				CLANG_WARN_EMPTY_BODY = YES;
				CLANG_WARN_ENUM_CONVERSION = YES;
				CLANG_WARN_INFINITE_RECURSION = YES;
				CLANG_WARN_INT_CONVERSION = YES;
				CLANG_WARN_NON_LITERAL_NULL_CONVERSION = YES;
				CLANG_WARN_OBJC_LITERAL_CONVERSION = YES;
				CLANG_WARN_OBJC_ROOT_CLASS = YES_ERROR;
				CLANG_WARN_RANGE_LOOP_ANALYSIS = YES;
				CLANG_WARN_STRICT_PROTOTYPES = YES;
				CLANG_WARN_SUSPICIOUS_MOVE = YES;
				CLANG_WARN_UNGUARDED_AVAILABILITY = YES_AGGRESSIVE;
				CLANG_WARN_UNREACHABLE_CODE = YES;
				CLANG_WARN__DUPLICATE_METHOD_MATCH = YES;
				CODE_SIGN_IDENTITY = "iPhone Developer";
				COPY_PHASE_STRIP = NO;
				DEBUG_INFORMATION_FORMAT = dwarf;
				ENABLE_STRICT_OBJC_MSGSEND = YES;
				ENABLE_TESTABILITY = YES;
				GCC_C_LANGUAGE_STANDARD = gnu11;
				GCC_DYNAMIC_NO_PIC = NO;
				GCC_NO_COMMON_BLOCKS = YES;
				GCC_OPTIMIZATION_LEVEL = 0;
				GCC_PREPROCESSOR_DEFINITIONS = (
					"DEBUG=1",
					"$(inherited)",
				);
				GCC_WARN_64_TO_32_BIT_CONVERSION = YES;
				GCC_WARN_ABOUT_RETURN_TYPE = YES_ERROR;
				GCC_WARN_UNDECLARED_SELECTOR = YES;
				GCC_WARN_UNINITIALIZED_AUTOS = YES_AGGRESSIVE;
				GCC_WARN_UNUSED_FUNCTION = YES;
				GCC_WARN_UNUSED_VARIABLE = YES;
				IPHONEOS_DEPLOYMENT_TARGET = 11.2;
				MTL_ENABLE_DEBUG_INFO = YES;
				ONLY_ACTIVE_ARCH = YES;
				SDKROOT = iphoneos;
				SWIFT_ACTIVE_COMPILATION_CONDITIONS = DEBUG;
				SWIFT_OPTIMIZATION_LEVEL = "-Onone";
			};
			name = Debug;
		};
		7E1832042061C3AB00163D60 /* Release */ = {
			isa = XCBuildConfiguration;
			buildSettings = {
				ALWAYS_SEARCH_USER_PATHS = NO;
				CLANG_ANALYZER_NONNULL = YES;
				CLANG_ANALYZER_NUMBER_OBJECT_CONVERSION = YES_AGGRESSIVE;
				CLANG_CXX_LANGUAGE_STANDARD = "gnu++14";
				CLANG_CXX_LIBRARY = "libc++";
				CLANG_ENABLE_MODULES = YES;
				CLANG_ENABLE_OBJC_ARC = YES;
				CLANG_WARN_BLOCK_CAPTURE_AUTORELEASING = YES;
				CLANG_WARN_BOOL_CONVERSION = YES;
				CLANG_WARN_COMMA = YES;
				CLANG_WARN_CONSTANT_CONVERSION = YES;
				CLANG_WARN_DIRECT_OBJC_ISA_USAGE = YES_ERROR;
				CLANG_WARN_DOCUMENTATION_COMMENTS = YES;
				CLANG_WARN_EMPTY_BODY = YES;
				CLANG_WARN_ENUM_CONVERSION = YES;
				CLANG_WARN_INFINITE_RECURSION = YES;
				CLANG_WARN_INT_CONVERSION = YES;
				CLANG_WARN_NON_LITERAL_NULL_CONVERSION = YES;
				CLANG_WARN_OBJC_LITERAL_CONVERSION = YES;
				CLANG_WARN_OBJC_ROOT_CLASS = YES_ERROR;
				CLANG_WARN_RANGE_LOOP_ANALYSIS = YES;
				CLANG_WARN_STRICT_PROTOTYPES = YES;
				CLANG_WARN_SUSPICIOUS_MOVE = YES;
				CLANG_WARN_UNGUARDED_AVAILABILITY = YES_AGGRESSIVE;
				CLANG_WARN_UNREACHABLE_CODE = YES;
				CLANG_WARN__DUPLICATE_METHOD_MATCH = YES;
				CODE_SIGN_IDENTITY = "iPhone Developer";
				COPY_PHASE_STRIP = NO;
				DEBUG_INFORMATION_FORMAT = "dwarf-with-dsym";
				ENABLE_NS_ASSERTIONS = NO;
				ENABLE_STRICT_OBJC_MSGSEND = YES;
				GCC_C_LANGUAGE_STANDARD = gnu11;
				GCC_NO_COMMON_BLOCKS = YES;
				GCC_WARN_64_TO_32_BIT_CONVERSION = YES;
				GCC_WARN_ABOUT_RETURN_TYPE = YES_ERROR;
				GCC_WARN_UNDECLARED_SELECTOR = YES;
				GCC_WARN_UNINITIALIZED_AUTOS = YES_AGGRESSIVE;
				GCC_WARN_UNUSED_FUNCTION = YES;
				GCC_WARN_UNUSED_VARIABLE = YES;
				IPHONEOS_DEPLOYMENT_TARGET = 11.2;
				MTL_ENABLE_DEBUG_INFO = NO;
				SDKROOT = iphoneos;
				SWIFT_OPTIMIZATION_LEVEL = "-Owholemodule";
				VALIDATE_PRODUCT = YES;
			};
			name = Release;
		};
		7E1832062061C3AB00163D60 /* Debug */ = {
			isa = XCBuildConfiguration;
			buildSettings = {
				ASSETCATALOG_COMPILER_APPICON_NAME = AppIcon;
				CODE_SIGN_STYLE = Automatic;
				DEVELOPMENT_TEAM = YJF5NS3UZL;
				INFOPLIST_FILE = counting/Info.plist;
				LD_RUNPATH_SEARCH_PATHS = "$(inherited) @executable_path/Frameworks";
				PRODUCT_BUNDLE_IDENTIFIER = com.luvuelaine.counting;
				PRODUCT_NAME = "$(TARGET_NAME)";
				SWIFT_VERSION = 4.0;
				TARGETED_DEVICE_FAMILY = "1,2";
			};
			name = Debug;
		};
		7E1832072061C3AB00163D60 /* Release */ = {
			isa = XCBuildConfiguration;
			buildSettings = {
				ASSETCATALOG_COMPILER_APPICON_NAME = AppIcon;
				CODE_SIGN_STYLE = Automatic;
				DEVELOPMENT_TEAM = YJF5NS3UZL;
				INFOPLIST_FILE = counting/Info.plist;
				LD_RUNPATH_SEARCH_PATHS = "$(inherited) @executable_path/Frameworks";
				PRODUCT_BUNDLE_IDENTIFIER = com.luvuelaine.counting;
				PRODUCT_NAME = "$(TARGET_NAME)";
				SWIFT_VERSION = 4.0;
				TARGETED_DEVICE_FAMILY = "1,2";
			};
			name = Release;
		};
		7E1832092061C3AB00163D60 /* Debug */ = {
			isa = XCBuildConfiguration;
			buildSettings = {
				ALWAYS_EMBED_SWIFT_STANDARD_LIBRARIES = YES;
				BUNDLE_LOADER = "$(TEST_HOST)";
				CODE_SIGN_STYLE = Automatic;
				DEVELOPMENT_TEAM = YJF5NS3UZL;
				INFOPLIST_FILE = countingTests/Info.plist;
				LD_RUNPATH_SEARCH_PATHS = "$(inherited) @executable_path/Frameworks @loader_path/Frameworks";
				PRODUCT_BUNDLE_IDENTIFIER = com.luvuelaine.countingTests;
				PRODUCT_NAME = "$(TARGET_NAME)";
				SWIFT_VERSION = 4.0;
				TARGETED_DEVICE_FAMILY = "1,2";
				TEST_HOST = "$(BUILT_PRODUCTS_DIR)/counting.app/counting";
			};
			name = Debug;
		};
		7E18320A2061C3AB00163D60 /* Release */ = {
			isa = XCBuildConfiguration;
			buildSettings = {
				ALWAYS_EMBED_SWIFT_STANDARD_LIBRARIES = YES;
				BUNDLE_LOADER = "$(TEST_HOST)";
				CODE_SIGN_STYLE = Automatic;
				DEVELOPMENT_TEAM = YJF5NS3UZL;
				INFOPLIST_FILE = countingTests/Info.plist;
				LD_RUNPATH_SEARCH_PATHS = "$(inherited) @executable_path/Frameworks @loader_path/Frameworks";
				PRODUCT_BUNDLE_IDENTIFIER = com.luvuelaine.countingTests;
				PRODUCT_NAME = "$(TARGET_NAME)";
				SWIFT_VERSION = 4.0;
				TARGETED_DEVICE_FAMILY = "1,2";
				TEST_HOST = "$(BUILT_PRODUCTS_DIR)/counting.app/counting";
			};
			name = Release;
		};
		7E18320C2061C3AB00163D60 /* Debug */ = {
			isa = XCBuildConfiguration;
			buildSettings = {
				ALWAYS_EMBED_SWIFT_STANDARD_LIBRARIES = YES;
				CODE_SIGN_STYLE = Automatic;
				DEVELOPMENT_TEAM = YJF5NS3UZL;
				INFOPLIST_FILE = countingUITests/Info.plist;
				LD_RUNPATH_SEARCH_PATHS = "$(inherited) @executable_path/Frameworks @loader_path/Frameworks";
				PRODUCT_BUNDLE_IDENTIFIER = com.luvuelaine.countingUITests;
				PRODUCT_NAME = "$(TARGET_NAME)";
				SWIFT_VERSION = 4.0;
				TARGETED_DEVICE_FAMILY = "1,2";
				TEST_TARGET_NAME = counting;
			};
			name = Debug;
		};
		7E18320D2061C3AB00163D60 /* Release */ = {
			isa = XCBuildConfiguration;
			buildSettings = {
				ALWAYS_EMBED_SWIFT_STANDARD_LIBRARIES = YES;
				CODE_SIGN_STYLE = Automatic;
				DEVELOPMENT_TEAM = YJF5NS3UZL;
				INFOPLIST_FILE = countingUITests/Info.plist;
				LD_RUNPATH_SEARCH_PATHS = "$(inherited) @executable_path/Frameworks @loader_path/Frameworks";
				PRODUCT_BUNDLE_IDENTIFIER = com.luvuelaine.countingUITests;
				PRODUCT_NAME = "$(TARGET_NAME)";
				SWIFT_VERSION = 4.0;
				TARGETED_DEVICE_FAMILY = "1,2";
				TEST_TARGET_NAME = counting;
			};
			name = Release;
		};
/* End XCBuildConfiguration section */

/* Begin XCConfigurationList section */
		7E1831D82061C3AA00163D60 /* Build configuration list for PBXProject "counting" */ = {
			isa = XCConfigurationList;
			buildConfigurations = (
				7E1832032061C3AB00163D60 /* Debug */,
				7E1832042061C3AB00163D60 /* Release */,
			);
			defaultConfigurationIsVisible = 0;
			defaultConfigurationName = Release;
		};
		7E1832052061C3AB00163D60 /* Build configuration list for PBXNativeTarget "counting" */ = {
			isa = XCConfigurationList;
			buildConfigurations = (
				7E1832062061C3AB00163D60 /* Debug */,
				7E1832072061C3AB00163D60 /* Release */,
			);
			defaultConfigurationIsVisible = 0;
			defaultConfigurationName = Release;
		};
		7E1832082061C3AB00163D60 /* Build configuration list for PBXNativeTarget "countingTests" */ = {
			isa = XCConfigurationList;
			buildConfigurations = (
				7E1832092061C3AB00163D60 /* Debug */,
				7E18320A2061C3AB00163D60 /* Release */,
			);
			defaultConfigurationIsVisible = 0;
			defaultConfigurationName = Release;
		};
		7E18320B2061C3AB00163D60 /* Build configuration list for PBXNativeTarget "countingUITests" */ = {
			isa = XCConfigurationList;
			buildConfigurations = (
				7E18320C2061C3AB00163D60 /* Debug */,
				7E18320D2061C3AB00163D60 /* Release */,
			);
			defaultConfigurationIsVisible = 0;
			defaultConfigurationName = Release;
		};
/* End XCConfigurationList section */
	};
	rootObject = 7E1831D52061C3AA00163D60 /* Project object */;
}
